schema: '2.0'
stages:
  train@standard-rf-classifier-cover:
    cmd: python ../../run_bvd.py --model standard-rf-classifier --dataset cover
    deps:
    - path: ../../run_bvd.py
      hash: md5
      md5: 32ffe38f3c63e2a6bed34bffe77cf083
      size: 1390
    params:
      params.yaml:
        bvd_config:
          loss: zero_one
          parameter_name: n_estimators
          parameter_values:
          - 150
          save_decompositions: false
          trials_progress_bar: true
        data:
          frac_training: 0.75
        run_experiment_config:
          n_trials: 3
    outs:
    - path: results/cover/standard-rf-classifier.pkl
      hash: md5
      md5: e0b3699e16fe8624c969cb0b9458bb6b
      size: 1934770833
  get_staged_errors@standard-rf-classifier-cover:
    cmd: python ../../get_staged_errors.py --model standard-rf-classifier --dataset
      cover
    deps:
    - path: ../../get_staged_errors.py
      hash: md5
      md5: 08c40cc244d3c52f89b7292f5cc64c2f
      size: 1298
    - path: results/cover/standard-rf-classifier.pkl
      hash: md5
      md5: e0b3699e16fe8624c969cb0b9458bb6b
      size: 1934770833
    outs:
    - path: staged_errors/cover/standard-rf-classifier.json
      hash: md5
      md5: 6b5bea90c74661c6e48d0db820913072
      size: 29913
  train@drf-weighted-classifier-digits:
    cmd: python ../../run_bvd.py --model drf-weighted-classifier --dataset digits
    deps:
    - path: ../../run_bvd.py
      hash: md5
      md5: 32ffe38f3c63e2a6bed34bffe77cf083
      size: 1390
    params:
      params.yaml:
        bvd_config:
          loss: zero_one
          parameter_name: n_estimators
          parameter_values:
          - 150
          save_decompositions: false
          trials_progress_bar: true
        data:
          frac_training: 0.75
        run_experiment_config:
          n_trials: 3
    outs:
    - path: results/digits/drf-weighted-classifier.pkl
      hash: md5
      md5: c793bfd52ff6ec253b6a6bdd7fd8a2c0
      size: 5984429
  train@ensemble-weighted-classifier-cover:
    cmd: python ../../run_bvd.py --model ensemble-weighted-classifier --dataset cover
    deps:
    - path: ../../run_bvd.py
      hash: md5
      md5: 32ffe38f3c63e2a6bed34bffe77cf083
      size: 1390
    params:
      params.yaml:
        bvd_config:
          loss: zero_one
          parameter_name: n_estimators
          parameter_values:
          - 150
          save_decompositions: false
          trials_progress_bar: true
        data:
          frac_training: 0.75
        run_experiment_config:
          n_trials: 3
    outs:
    - path: results/cover/ensemble-weighted-classifier.pkl
      hash: md5
      md5: 795d4d024d0c0d778cbc4bfcc6778322
      size: 1934770833
  train@drf-weighted-classifier-cover:
    cmd: python ../../run_bvd.py --model drf-weighted-classifier --dataset cover
    deps:
    - path: ../../run_bvd.py
      hash: md5
      md5: 32ffe38f3c63e2a6bed34bffe77cf083
      size: 1390
    params:
      params.yaml:
        bvd_config:
          loss: zero_one
          parameter_name: n_estimators
          parameter_values:
          - 150
          save_decompositions: false
          trials_progress_bar: true
        data:
          frac_training: 0.75
        run_experiment_config:
          n_trials: 3
    outs:
    - path: results/cover/drf-weighted-classifier.pkl
      hash: md5
      md5: 5f1f21e29df1ce76dad5069d65aace29
      size: 1934770833
  get_staged_errors@drf-weighted-classifier-cover:
    cmd: python ../../get_staged_errors.py --model drf-weighted-classifier --dataset
      cover
    deps:
    - path: ../../get_staged_errors.py
      hash: md5
      md5: 08c40cc244d3c52f89b7292f5cc64c2f
      size: 1298
    - path: results/cover/drf-weighted-classifier.pkl
      hash: md5
      md5: 5f1f21e29df1ce76dad5069d65aace29
      size: 1934770833
    outs:
    - path: staged_errors/cover/drf-weighted-classifier.json
      hash: md5
      md5: 78bf458f7de33adf7595ad010e6b1590
      size: 29936
  train@standard-rf-classifier-digits:
    cmd: python ../../run_bvd.py --model standard-rf-classifier --dataset digits
    deps:
    - path: ../../run_bvd.py
      hash: md5
      md5: 32ffe38f3c63e2a6bed34bffe77cf083
      size: 1390
    params:
      params.yaml:
        bvd_config:
          loss: zero_one
          parameter_name: n_estimators
          parameter_values:
          - 150
          save_decompositions: false
          trials_progress_bar: true
        data:
          frac_training: 0.75
        run_experiment_config:
          n_trials: 3
    outs:
    - path: results/digits/standard-rf-classifier.pkl
      hash: md5
      md5: 7eb4ace187fe9c926a2e20d131095695
      size: 5984429
  get_staged_errors@standard-rf-classifier-digits:
    cmd: python ../../get_staged_errors.py --model standard-rf-classifier --dataset
      digits
    deps:
    - path: ../../get_staged_errors.py
      hash: md5
      md5: 08c40cc244d3c52f89b7292f5cc64c2f
      size: 1298
    - path: results/digits/standard-rf-classifier.pkl
      hash: md5
      md5: 7eb4ace187fe9c926a2e20d131095695
      size: 5984429
    outs:
    - path: staged_errors/digits/standard-rf-classifier.json
      hash: md5
      md5: ab981f414c26ddfdfe676e9f8c4ad1ec
      size: 29186
  get_staged_errors@drf-weighted-classifier-digits:
    cmd: python ../../get_staged_errors.py --model drf-weighted-classifier --dataset
      digits
    deps:
    - path: ../../get_staged_errors.py
      hash: md5
      md5: 08c40cc244d3c52f89b7292f5cc64c2f
      size: 1298
    - path: results/digits/drf-weighted-classifier.pkl
      hash: md5
      md5: c793bfd52ff6ec253b6a6bdd7fd8a2c0
      size: 5984429
    outs:
    - path: staged_errors/digits/drf-weighted-classifier.json
      hash: md5
      md5: d5eb6fc1a17468f78c25d526d807663c
      size: 29419
  train@ensemble-weighted-classifier-digits:
    cmd: python ../../run_bvd.py --model ensemble-weighted-classifier --dataset digits
    deps:
    - path: ../../run_bvd.py
      hash: md5
      md5: 32ffe38f3c63e2a6bed34bffe77cf083
      size: 1390
    params:
      params.yaml:
        bvd_config:
          loss: zero_one
          parameter_name: n_estimators
          parameter_values:
          - 150
          save_decompositions: false
          trials_progress_bar: true
        data:
          frac_training: 0.75
        run_experiment_config:
          n_trials: 3
    outs:
    - path: results/digits/ensemble-weighted-classifier.pkl
      hash: md5
      md5: e1810f3a89a0d7ce2113a88e009188d2
      size: 5984429
  get_staged_errors@ensemble-weighted-classifier-digits:
    cmd: python ../../get_staged_errors.py --model ensemble-weighted-classifier --dataset
      digits
    deps:
    - path: ../../get_staged_errors.py
      hash: md5
      md5: 08c40cc244d3c52f89b7292f5cc64c2f
      size: 1298
    - path: results/digits/ensemble-weighted-classifier.pkl
      hash: md5
      md5: e1810f3a89a0d7ce2113a88e009188d2
      size: 5984429
    outs:
    - path: staged_errors/digits/ensemble-weighted-classifier.json
      hash: md5
      md5: 94b350c15cfab5dceae6aad8d08c5f0b
      size: 28928
  combine_metrics@digits:
    cmd: python ../../combine_metrics.py --dataset digits
    deps:
    - path: ../../combine_metrics.py
      hash: md5
      md5: 8893f975d68a3fa039acecabc59f68cc
      size: 958
    - path: staged_errors/digits
      hash: md5
      md5: 477588ccd9bf65dc99572c4a8a7ec276.dir
      size: 87630
      nfiles: 4
    outs:
    - path: staged_errors/digits-combined.json
      hash: md5
      md5: e89226fe2a1b768a32067c80612cdf67
      size: 137933
  get_staged_errors@ensemble-weighted-classifier-cover:
    cmd: python ../../get_staged_errors.py --model ensemble-weighted-classifier --dataset
      cover
    deps:
    - path: ../../get_staged_errors.py
      hash: md5
      md5: 08c40cc244d3c52f89b7292f5cc64c2f
      size: 1298
    - path: results/cover/ensemble-weighted-classifier.pkl
      hash: md5
      md5: 795d4d024d0c0d778cbc4bfcc6778322
      size: 1934770833
    outs:
    - path: staged_errors/cover/ensemble-weighted-classifier.json
      hash: md5
      md5: b48b37340cdbc3ea4ddbae7c97385f80
      size: 29903
  combine_metrics@cover:
    cmd: python ../../combine_metrics.py --dataset cover
    deps:
    - path: ../../combine_metrics.py
      hash: md5
      md5: 8893f975d68a3fa039acecabc59f68cc
      size: 958
    - path: staged_errors/cover
      hash: md5
      md5: f9947a5525ab6adae8673b865c4f9cf5.dir
      size: 89849
      nfiles: 4
    outs:
    - path: staged_errors/cover-combined.json
      hash: md5
      md5: c9950c0e3009acd3cfd55fe244b9fe1d
      size: 140152
  plot_staged_errors:
    cmd: python ../../plot_staged_errors.py
    deps:
    - path: ../../plot_staged_errors.py
      hash: md5
      md5: 3495cd5c3b7d7feecab3bb30bb57ee17
      size: 2169
    - path: results
      hash: md5
      md5: b31d93dc95d3c2094d847dfff057d157.dir
      size: 5822265786
      nfiles: 6
    outs:
    - path: plots/staged_errors/
      hash: md5
      md5: d61641c83d69453ca83cc3c20773957f.dir
      size: 151371
      nfiles: 3
